// !$*UTF8*$!
{
	archiveVersion = 1;
	classes = {
	};
	objectVersion = 46;
	objects = {

/* Begin PBXBuildFile section */
		AB04602E1C7AED4300EB0145 /* main.m in Sources */ = {isa = PBXBuildFile; fileRef = AB04602D1C7AED4300EB0145 /* main.m */; };
		AB0460311C7AED4300EB0145 /* AppDelegate.m in Sources */ = {isa = PBXBuildFile; fileRef = AB0460301C7AED4300EB0145 /* AppDelegate.m */; };
		AB0460391C7AED4300EB0145 /* Assets.xcassets in Resources */ = {isa = PBXBuildFile; fileRef = AB0460381C7AED4300EB0145 /* Assets.xcassets */; };
		AB04603C1C7AED4300EB0145 /* LaunchScreen.storyboard in Resources */ = {isa = PBXBuildFile; fileRef = AB04603A1C7AED4300EB0145 /* LaunchScreen.storyboard */; };
		AB0460471C7AED4300EB0145 /* UItableViewTests.m in Sources */ = {isa = PBXBuildFile; fileRef = AB0460461C7AED4300EB0145 /* UItableViewTests.m */; };
		AB0460521C7AED4300EB0145 /* UItableViewUITests.m in Sources */ = {isa = PBXBuildFile; fileRef = AB0460511C7AED4300EB0145 /* UItableViewUITests.m */; };
		AB0460651C7AEE7900EB0145 /* KCContact.m in Sources */ = {isa = PBXBuildFile; fileRef = AB0460601C7AEE7900EB0145 /* KCContact.m */; };
		AB0460661C7AEE7900EB0145 /* KCContactGroup.m in Sources */ = {isa = PBXBuildFile; fileRef = AB0460621C7AEE7900EB0145 /* KCContactGroup.m */; };
		AB0460671C7AEE7900EB0145 /* KCMainViewController.m in Sources */ = {isa = PBXBuildFile; fileRef = AB0460641C7AEE7900EB0145 /* KCMainViewController.m */; };
/* End PBXBuildFile section */

/* Begin PBXContainerItemProxy section */
		AB0460431C7AED4300EB0145 /* PBXContainerItemProxy */ = {
			isa = PBXContainerItemProxy;
			containerPortal = AB0460211C7AED4300EB0145 /* Project object */;
			proxyType = 1;
			remoteGlobalIDString = AB0460281C7AED4300EB0145;
			remoteInfo = UItableView;
		};
		AB04604E1C7AED4300EB0145 /* PBXContainerItemProxy */ = {
			isa = PBXContainerItemProxy;
			containerPortal = AB0460211C7AED4300EB0145 /* Project object */;
			proxyType = 1;
			remoteGlobalIDString = AB0460281C7AED4300EB0145;
			remoteInfo = UItableView;
		};
/* End PBXContainerItemProxy section */

/* Begin PBXFileReference section */
		AB0460291C7AED4300EB0145 /* UItableView.app */ = {isa = PBXFileReference; explicitFileType = wrapper.application; includeInIndex = 0; path = UItableView.app; sourceTree = BUILT_PRODUCTS_DIR; };
		AB04602D1C7AED4300EB0145 /* main.m */ = {isa = PBXFileReference; lastKnownFileType = sourcecode.c.objc; path = main.m; sourceTree = "<group>"; };
		AB04602F1C7AED4300EB0145 /* AppDelegate.h */ = {isa = PBXFileReference; lastKnownFileType = sourcecode.c.h; path = AppDelegate.h; sourceTree = "<group>"; };
		AB0460301C7AED4300EB0145 /* AppDelegate.m */ = {isa = PBXFileReference; lastKnownFileType = sourcecode.c.objc; path = AppDelegate.m; sourceTree = "<group>"; };
		AB0460381C7AED4300EB0145 /* Assets.xcassets */ = {isa = PBXFileReference; lastKnownFileType = folder.assetcatalog; path = Assets.xcassets; sourceTree = "<group>"; };
		AB04603B1C7AED4300EB0145 /* Base */ = {isa = PBXFileReference; lastKnownFileType = file.storyboard; name = Base; path = Base.lproj/LaunchScreen.storyboard; sourceTree = "<group>"; };
		AB04603D1C7AED4300EB0145 /* Info.plist */ = {isa = PBXFileReference; lastKnownFileType = text.plist.xml; path = Info.plist; sourceTree = "<group>"; };
		AB0460421C7AED4300EB0145 /* UItableViewTests.xctest */ = {isa = PBXFileReference; explicitFileType = wrapper.cfbundle; includeInIndex = 0; path = UItableViewTests.xctest; sourceTree = BUILT_PRODUCTS_DIR; };
		AB0460461C7AED4300EB0145 /* UItableViewTests.m */ = {isa = PBXFileReference; lastKnownFileType = sourcecode.c.objc; path = UItableViewTests.m; sourceTree = "<group>"; };
		AB0460481C7AED4300EB0145 /* Info.plist */ = {isa = PBXFileReference; lastKnownFileType = text.plist.xml; path = Info.plist; sourceTree = "<group>"; };
		AB04604D1C7AED4300EB0145 /* UItableViewUITests.xctest */ = {isa = PBXFileReference; explicitFileType = wrapper.cfbundle; includeInIndex = 0; path = UItableViewUITests.xctest; sourceTree = BUILT_PRODUCTS_DIR; };
		AB0460511C7AED4300EB0145 /* UItableViewUITests.m */ = {isa = PBXFileReference; lastKnownFileType = sourcecode.c.objc; path = UItableViewUITests.m; sourceTree = "<group>"; };
		AB0460531C7AED4300EB0145 /* Info.plist */ = {isa = PBXFileReference; lastKnownFileType = text.plist.xml; path = Info.plist; sourceTree = "<group>"; };
		AB04605F1C7AEE7900EB0145 /* KCContact.h */ = {isa = PBXFileReference; fileEncoding = 4; lastKnownFileType = sourcecode.c.h; path = KCContact.h; sourceTree = "<group>"; };
		AB0460601C7AEE7900EB0145 /* KCContact.m */ = {isa = PBXFileReference; fileEncoding = 4; lastKnownFileType = sourcecode.c.objc; path = KCContact.m; sourceTree = "<group>"; };
		AB0460611C7AEE7900EB0145 /* KCContactGroup.h */ = {isa = PBXFileReference; fileEncoding = 4; lastKnownFileType = sourcecode.c.h; path = KCContactGroup.h; sourceTree = "<group>"; };
		AB0460621C7AEE7900EB0145 /* KCContactGroup.m */ = {isa = PBXFileReference; fileEncoding = 4; lastKnownFileType = sourcecode.c.objc; path = KCContactGroup.m; sourceTree = "<group>"; };
		AB0460631C7AEE7900EB0145 /* KCMainViewController.h */ = {isa = PBXFileReference; fileEncoding = 4; lastKnownFileType = sourcecode.c.h; path = KCMainViewController.h; sourceTree = "<group>"; };
		AB0460641C7AEE7900EB0145 /* KCMainViewController.m */ = {isa = PBXFileReference; fileEncoding = 4; lastKnownFileType = sourcecode.c.objc; path = KCMainViewController.m; sourceTree = "<group>"; };
/* End PBXFileReference section */

/* Begin PBXFrameworksBuildPhase section */
		AB0460261C7AED4300EB0145 /* Frameworks */ = {
			isa = PBXFrameworksBuildPhase;
			buildActionMask = 2147483647;
			files = (
			);
			runOnlyForDeploymentPostprocessing = 0;
		};
		AB04603F1C7AED4300EB0145 /* Frameworks */ = {
			isa = PBXFrameworksBuildPhase;
			buildActionMask = 2147483647;
			files = (
			);
			runOnlyForDeploymentPostprocessing = 0;
		};
		AB04604A1C7AED4300EB0145 /* Frameworks */ = {
			isa = PBXFrameworksBuildPhase;
			buildActionMask = 2147483647;
			files = (
			);
			runOnlyForDeploymentPostprocessing = 0;
		};
/* End PBXFrameworksBuildPhase section */

/* Begin PBXGroup section */
		AB0460201C7AED4300EB0145 = {
			isa = PBXGroup;
			children = (
				AB04602B1C7AED4300EB0145 /* UItableView */,
				AB0460451C7AED4300EB0145 /* UItableViewTests */,
				AB0460501C7AED4300EB0145 /* UItableViewUITests */,
				AB04602A1C7AED4300EB0145 /* Products */,
			);
			sourceTree = "<group>";
		};
		AB04602A1C7AED4300EB0145 /* Products */ = {
			isa = PBXGroup;
			children = (
				AB0460291C7AED4300EB0145 /* UItableView.app */,
				AB0460421C7AED4300EB0145 /* UItableViewTests.xctest */,
				AB04604D1C7AED4300EB0145 /* UItableViewUITests.xctest */,
			);
			name = Products;
			sourceTree = "<group>";
		};
		AB04602B1C7AED4300EB0145 /* UItableView */ = {
			isa = PBXGroup;
			children = (
				AB04602F1C7AED4300EB0145 /* AppDelegate.h */,
				AB0460301C7AED4300EB0145 /* AppDelegate.m */,
				AB04605F1C7AEE7900EB0145 /* KCContact.h */,
				AB0460601C7AEE7900EB0145 /* KCContact.m */,
				AB0460611C7AEE7900EB0145 /* KCContactGroup.h */,
				AB0460621C7AEE7900EB0145 /* KCContactGroup.m */,
				AB0460631C7AEE7900EB0145 /* KCMainViewController.h */,
				AB0460641C7AEE7900EB0145 /* KCMainViewController.m */,
				AB0460381C7AED4300EB0145 /* Assets.xcassets */,
				AB04603A1C7AED4300EB0145 /* LaunchScreen.storyboard */,
				AB04603D1C7AED4300EB0145 /* Info.plist */,
				AB04602C1C7AED4300EB0145 /* Supporting Files */,
			);
			path = UItableView;
			sourceTree = "<group>";
		};
		AB04602C1C7AED4300EB0145 /* Supporting Files */ = {
			isa = PBXGroup;
			children = (
				AB04602D1C7AED4300EB0145 /* main.m */,
			);
			name = "Supporting Files";
			sourceTree = "<group>";
		};
		AB0460451C7AED4300EB0145 /* UItableViewTests */ = {
			isa = PBXGroup;
			children = (
				AB0460461C7AED4300EB0145 /* UItableViewTests.m */,
				AB0460481C7AED4300EB0145 /* Info.plist */,
			);
			path = UItableViewTests;
			sourceTree = "<group>";
		};
		AB0460501C7AED4300EB0145 /* UItableViewUITests */ = {
			isa = PBXGroup;
			children = (
				AB0460511C7AED4300EB0145 /* UItableViewUITests.m */,
				AB0460531C7AED4300EB0145 /* Info.plist */,
			);
			path = UItableViewUITests;
			sourceTree = "<group>";
		};
/* End PBXGroup section */

/* Begin PBXNativeTarget section */
		AB0460281C7AED4300EB0145 /* UItableView */ = {
			isa = PBXNativeTarget;
			buildConfigurationList = AB0460561C7AED4300EB0145 /* Build configuration list for PBXNativeTarget "UItableView" */;
			buildPhases = (
				AB0460251C7AED4300EB0145 /* Sources */,
				AB0460261C7AED4300EB0145 /* Frameworks */,
				AB0460271C7AED4300EB0145 /* Resources */,
			);
			buildRules = (
			);
			dependencies = (
			);
			name = UItableView;
			productName = UItableView;
			productReference = AB0460291C7AED4300EB0145 /* UItableView.app */;
			productType = "com.apple.product-type.application";
		};
		AB0460411C7AED4300EB0145 /* UItableViewTests */ = {
			isa = PBXNativeTarget;
			buildConfigurationList = AB0460591C7AED4300EB0145 /* Build configuration list for PBXNativeTarget "UItableViewTests" */;
			buildPhases = (
				AB04603E1C7AED4300EB0145 /* Sources */,
				AB04603F1C7AED4300EB0145 /* Frameworks */,
				AB0460401C7AED4300EB0145 /* Resources */,
			);
			buildRules = (
			);
			dependencies = (
				AB0460441C7AED4300EB0145 /* PBXTargetDependency */,
			);
			name = UItableViewTests;
			productName = UItableViewTests;
			productReference = AB0460421C7AED4300EB0145 /* UItableViewTests.xctest */;
			productType = "com.apple.product-type.bundle.unit-test";
		};
		AB04604C1C7AED4300EB0145 /* UItableViewUITests */ = {
			isa = PBXNativeTarget;
			buildConfigurationList = AB04605C1C7AED4300EB0145 /* Build configuration list for PBXNativeTarget "UItableViewUITests" */;
			buildPhases = (
				AB0460491C7AED4300EB0145 /* Sources */,
				AB04604A1C7AED4300EB0145 /* Frameworks */,
				AB04604B1C7AED4300EB0145 /* Resources */,
			);
			buildRules = (
			);
			dependencies = (
				AB04604F1C7AED4300EB0145 /* PBXTargetDependency */,
			);
			name = UItableViewUITests;
			productName = UItableViewUITests;
			productReference = AB04604D1C7AED4300EB0145 /* UItableViewUITests.xctest */;
			productType = "com.apple.product-type.bundle.ui-testing";
		};
/* End PBXNativeTarget section */

/* Begin PBXProject section */
		AB0460211C7AED4300EB0145 /* Project object */ = {
			isa = PBXProject;
			attributes = {
				LastUpgradeCheck = 0720;
				ORGANIZATIONNAME = "胡江峰";
				TargetAttributes = {
					AB0460281C7AED4300EB0145 = {
						CreatedOnToolsVersion = 7.2.1;
					};
					AB0460411C7AED4300EB0145 = {
						CreatedOnToolsVersion = 7.2.1;
						TestTargetID = AB0460281C7AED4300EB0145;
					};
					AB04604C1C7AED4300EB0145 = {
						CreatedOnToolsVersion = 7.2.1;
						TestTargetID = AB0460281C7AED4300EB0145;
					};
				};
			};
			buildConfigurationList = AB0460241C7AED4300EB0145 /* Build configuration list for PBXProject "UItableView" */;
			compatibilityVersion = "Xcode 3.2";
			developmentRegion = English;
			hasScannedForEncodings = 0;
			knownRegions = (
				en,
				Base,
			);
			mainGroup = AB0460201C7AED4300EB0145;
			productRefGroup = AB04602A1C7AED4300EB0145 /* Products */;
			projectDirPath = "";
			projectRoot = "";
			targets = (
				AB0460281C7AED4300EB0145 /* UItableView */,
				AB0460411C7AED4300EB0145 /* UItableViewTests */,
				AB04604C1C7AED4300EB0145 /* UItableViewUITests */,
			);
		};
/* End PBXProject section */

/* Begin PBXResourcesBuildPhase section */
		AB0460271C7AED4300EB0145 /* Resources */ = {
			isa = PBXResourcesBuildPhase;
			buildActionMask = 2147483647;
			files = (
				AB04603C1C7AED4300EB0145 /* LaunchScreen.storyboard in Resources */,
				AB0460391C7AED4300EB0145 /* Assets.xcassets in Resources */,
			);
			runOnlyForDeploymentPostprocessing = 0;
		};
		AB0460401C7AED4300EB0145 /* Resources */ = {
			isa = PBXResourcesBuildPhase;
			buildActionMask = 2147483647;
			files = (
			);
			runOnlyForDeploymentPostprocessing = 0;
		};
		AB04604B1C7AED4300EB0145 /* Resources */ = {
			isa = PBXResourcesBuildPhase;
			buildActionMask = 2147483647;
			files = (
			);
			runOnlyForDeploymentPostprocessing = 0;
		};
/* End PBXResourcesBuildPhase section */

/* Begin PBXSourcesBuildPhase section */
		AB0460251C7AED4300EB0145 /* Sources */ = {
			isa = PBXSourcesBuildPhase;
			buildActionMask = 2147483647;
			files = (
				AB0460311C7AED4300EB0145 /* AppDelegate.m in Sources */,
				AB0460651C7AEE7900EB0145 /* KCContact.m in Sources */,
				AB0460671C7AEE7900EB0145 /* KCMainViewController.m in Sources */,
				AB0460661C7AEE7900EB0145 /* KCContactGroup.m in Sources */,
				AB04602E1C7AED4300EB0145 /* main.m in Sources */,
			);
			runOnlyForDeploymentPostprocessing = 0;
		};
		AB04603E1C7AED4300EB0145 /* Sources */ = {
			isa = PBXSourcesBuildPhase;
			buildActionMask = 2147483647;
			files = (
				AB0460471C7AED4300EB0145 /* UItableViewTests.m in Sources */,
			);
			runOnlyForDeploymentPostprocessing = 0;
		};
		AB0460491C7AED4300EB0145 /* Sources */ = {
			isa = PBXSourcesBuildPhase;
			buildActionMask = 2147483647;
			files = (
				AB0460521C7AED4300EB0145 /* UItableViewUITests.m in Sources */,
			);
			runOnlyForDeploymentPostprocessing = 0;
		};
/* End PBXSourcesBuildPhase section */

/* Begin PBXTargetDependency section */
		AB0460441C7AED4300EB0145 /* PBXTargetDependency */ = {
			isa = PBXTargetDependency;
			target = AB0460281C7AED4300EB0145 /* UItableView */;
			targetProxy = AB0460431C7AED4300EB0145 /* PBXContainerItemProxy */;
		};
		AB04604F1C7AED4300EB0145 /* PBXTargetDependency */ = {
			isa = PBXTargetDependency;
			target = AB0460281C7AED4300EB0145 /* UItableView */;
			targetProxy = AB04604E1C7AED4300EB0145 /* PBXContainerItemProxy */;
		};
/* End PBXTargetDependency section */

/* Begin PBXVariantGroup section */
		AB04603A1C7AED4300EB0145 /* LaunchScreen.storyboard */ = {
			isa = PBXVariantGroup;
			children = (
				AB04603B1C7AED4300EB0145 /* Base */,
			);
			name = LaunchScreen.storyboard;
			sourceTree = "<group>";
		};
/* End PBXVariantGroup section */

/* Begin XCBuildConfiguration section */
		AB0460541C7AED4300EB0145 /* Debug */ = {
			isa = XCBuildConfiguration;
			buildSettings = {
				ALWAYS_SEARCH_USER_PATHS = NO;
				CLANG_CXX_LANGUAGE_STANDARD = "gnu++0x";
				CLANG_CXX_LIBRARY = "libc++";
				CLANG_ENABLE_MODULES = YES;
				CLANG_ENABLE_OBJC_ARC = YES;
				CLANG_WARN_BOOL_CONVERSION = YES;
				CLANG_WARN_CONSTANT_CONVERSION = YES;
				CLANG_WARN_DIRECT_OBJC_ISA_USAGE = YES_ERROR;
				CLANG_WARN_EMPTY_BODY = YES;
				CLANG_WARN_ENUM_CONVERSION = YES;
				CLANG_WARN_INT_CONVERSION = YES;
				CLANG_WARN_OBJC_ROOT_CLASS = YES_ERROR;
				CLANG_WARN_UNREACHABLE_CODE = YES;
				CLANG_WARN__DUPLICATE_METHOD_MATCH = YES;
				"CODE_SIGN_IDENTITY[sdk=iphoneos*]" = "iPhone Developer";
				COPY_PHASE_STRIP = NO;
				DEBUG_INFORMATION_FORMAT = dwarf;
				ENABLE_STRICT_OBJC_MSGSEND = YES;
				ENABLE_TESTABILITY = YES;
				GCC_C_LANGUAGE_STANDARD = gnu99;
				GCC_DYNAMIC_NO_PIC = NO;
				GCC_NO_COMMON_BLOCKS = YES;
				GCC_OPTIMIZATION_LEVEL = 0;
				GCC_PREPROCESSOR_DEFINITIONS = (
					"DEBUG=1",
					"$(inherited)",
				);
				GCC_WARN_64_TO_32_BIT_CONVERSION = YES;
				GCC_WARN_ABOUT_RETURN_TYPE = YES_ERROR;
				GCC_WARN_UNDECLARED_SELECTOR = YES;
				GCC_WARN_UNINITIALIZED_AUTOS = YES_AGGRESSIVE;
				GCC_WARN_UNUSED_FUNCTION = YES;
				GCC_WARN_UNUSED_VARIABLE = YES;
				IPHONEOS_DEPLOYMENT_TARGET = 9.2;
				MTL_ENABLE_DEBUG_INFO = YES;
				ONLY_ACTIVE_ARCH = YES;
				SDKROOT = iphoneos;
			};
			name = Debug;
		};
		AB0460551C7AED4300EB0145 /* Release */ = {
			isa = XCBuildConfiguration;
			buildSettings = {
				ALWAYS_SEARCH_USER_PATHS = NO;
				CLANG_CXX_LANGUAGE_STANDARD = "gnu++0x";
				CLANG_CXX_LIBRARY = "libc++";
				CLANG_ENABLE_MODULES = YES;
				CLANG_ENABLE_OBJC_ARC = YES;
				CLANG_WARN_BOOL_CONVERSION = YES;
				CLANG_WARN_CONSTANT_CONVERSION = YES;
				CLANG_WARN_DIRECT_OBJC_ISA_USAGE = YES_ERROR;
				CLANG_WARN_EMPTY_BODY = YES;
				CLANG_WARN_ENUM_CONVERSION = YES;
				CLANG_WARN_INT_CONVERSION = YES;
				CLANG_WARN_OBJC_ROOT_CLASS = YES_ERROR;
				CLANG_WARN_UNREACHABLE_CODE = YES;
				CLANG_WARN__DUPLICATE_METHOD_MATCH = YES;
				"CODE_SIGN_IDENTITY[sdk=iphoneos*]" = "iPhone Developer";
				COPY_PHASE_STRIP = NO;
				DEBUG_INFORMATION_FORMAT = "dwarf-with-dsym";
				ENABLE_NS_ASSERTIONS = NO;
				ENABLE_STRICT_OBJC_MSGSEND = YES;
				GCC_C_LANGUAGE_STANDARD = gnu99;
				GCC_NO_COMMON_BLOCKS = YES;
				GCC_WARN_64_TO_32_BIT_CONVERSION = YES;
				GCC_WARN_ABOUT_RETURN_TYPE = YES_ERROR;
				GCC_WARN_UNDECLARED_SELECTOR = YES;
				GCC_WARN_UNINITIALIZED_AUTOS = YES_AGGRESSIVE;
				GCC_WARN_UNUSED_FUNCTION = YES;
				GCC_WARN_UNUSED_VARIABLE = YES;
				IPHONEOS_DEPLOYMENT_TARGET = 9.2;
				MTL_ENABLE_DEBUG_INFO = NO;
				SDKROOT = iphoneos;
				VALIDATE_PRODUCT = YES;
			};
			name = Release;
		};
		AB0460571C7AED4300EB0145 /* Debug */ = {
			isa = XCBuildConfiguration;
			buildSettings = {
				ASSETCATALOG_COMPILER_APPICON_NAME = AppIcon;
				INFOPLIST_FILE = UItableView/Info.plist;
				IPHONEOS_DEPLOYMENT_TARGET = 8.1;
				LD_RUNPATH_SEARCH_PATHS = "$(inherited) @executable_path/Frameworks";
				PRODUCT_BUNDLE_IDENTIFIER = com.HJF.UItableView;
				PRODUCT_NAME = "$(TARGET_NAME)";
			};
			name = Debug;
		};
		AB0460581C7AED4300EB0145 /* Release */ = {
			isa = XCBuildConfiguration;
			buildSettings = {
				ASSETCATALOG_COMPILER_APPICON_NAME = AppIcon;
				INFOPLIST_FILE = UItableView/Info.plist;
				IPHONEOS_DEPLOYMENT_TARGET = 8.1;
				LD_RUNPATH_SEARCH_PATHS = "$(inherited) @executable_path/Frameworks";
				PRODUCT_BUNDLE_IDENTIFIER = com.HJF.UItableView;
				PRODUCT_NAME = "$(TARGET_NAME)";
			};
			name = Release;
		};
		AB04605A1C7AED4300EB0145 /* Debug */ = {
			isa = XCBuildConfiguration;
			buildSettings = {
				BUNDLE_LOADER = "$(TEST_HOST)";
				INFOPLIST_FILE = UItableViewTests/Info.plist;
				LD_RUNPATH_SEARCH_PATHS = "$(inherited) @executable_path/Frameworks @loader_path/Frameworks";
				PRODUCT_BUNDLE_IDENTIFIER = com.HJF.UItableViewTests;
				PRODUCT_NAME = "$(TARGET_NAME)";
				TEST_HOST = "$(BUILT_PRODUCTS_DIR)/UItableView.app/UItableView";
			};
			name = Debug;
		};
		AB04605B1C7AED4300EB0145 /* Release */ = {
			isa = XCBuildConfiguration;
			buildSettings = {
				BUNDLE_LOADER = "$(TEST_HOST)";
				INFOPLIST_FILE = UItableViewTests/Info.plist;
				LD_RUNPATH_SEARCH_PATHS = "$(inherited) @executable_path/Frameworks @loader_path/Frameworks";
				PRODUCT_BUNDLE_IDENTIFIER = com.HJF.UItableViewTests;
				PRODUCT_NAME = "$(TARGET_NAME)";
				TEST_HOST = "$(BUILT_PRODUCTS_DIR)/UItableView.app/UItableView";
			};
			name = Release;
		};
		AB04605D1C7AED4300EB0145 /* Debug */ = {
			isa = XCBuildConfiguration;
			buildSettings = {
				INFOPLIST_FILE = UItableViewUITests/Info.plist;
				LD_RUNPATH_SEARCH_PATHS = "$(inherited) @executable_path/Frameworks @loader_path/Frameworks";
				PRODUCT_BUNDLE_IDENTIFIER = com.HJF.UItableViewUITests;
				PRODUCT_NAME = "$(TARGET_NAME)";
				TEST_TARGET_NAME = UItableView;
				USES_XCTRUNNER = YES;
			};
			name = Debug;
		};
		AB04605E1C7AED4300EB0145 /* Release */ = {
			isa = XCBuildConfiguration;
			buildSettings = {
				INFOPLIST_FILE = UItableViewUITests/Info.plist;
				LD_RUNPATH_SEARCH_PATHS = "$(inherited) @executable_path/Frameworks @loader_path/Frameworks";
				PRODUCT_BUNDLE_IDENTIFIER = com.HJF.UItableViewUITests;
				PRODUCT_NAME = "$(TARGET_NAME)";
				TEST_TARGET_NAME = UItableView;
				USES_XCTRUNNER = YES;
			};
			name = Release;
		};
/* End XCBuildConfiguration section */

/* Begin XCConfigurationList section */
		AB0460241C7AED4300EB0145 /* Build configuration list for PBXProject "UItableView" */ = {
			isa = XCConfigurationList;
			buildConfigurations = (
				AB0460541C7AED4300EB0145 /* Debug */,
				AB0460551C7AED4300EB0145 /* Release */,
			);
			defaultConfigurationIsVisible = 0;
			defaultConfigurationName = Release;
		};
		AB0460561C7AED4300EB0145 /* Build configuration list for PBXNativeTarget "UItableView" */ = {
			isa = XCConfigurationList;
			buildConfigurations = (
				AB0460571C7AED4300EB0145 /* Debug */,
				AB0460581C7AED4300EB0145 /* Release */,
			);
			defaultConfigurationIsVisible = 0;
		};
		AB0460591C7AED4300EB0145 /* Build configuration list for PBXNativeTarget "UItableViewTests" */ = {
			isa = XCConfigurationList;
			buildConfigurations = (
				AB04605A1C7AED4300EB0145 /* Debug */,
				AB04605B1C7AED4300EB0145 /* Release */,
			);
			defaultConfigurationIsVisible = 0;
		};
		AB04605C1C7AED4300EB0145 /* Build configuration list for PBXNativeTarget "UItableViewUITests" */ = {
			isa = XCConfigurationList;
			buildConfigurations = (
				AB04605D1C7AED4300EB0145 /* Debug */,
				AB04605E1C7AED4300EB0145 /* Release */,
			);
			defaultConfigurationIsVisible = 0;
		};
/* End XCConfigurationList section */
	};
	rootObject = AB0460211C7AED4300EB0145 /* Project object */;
}
